// !$*UTF8*$!
{
	archiveVersion = 1;
	classes = {
	};
	objectVersion = 46;
	objects = {
/* Begin PBXBuildFile section */
		00A341DBE6BC4CBFAFC34161 /* CDVInAppBrowser.m in Sources */ = {isa = PBXBuildFile; fileRef = C5016E0C52C24CBF9254BCD4 /* CDVInAppBrowser.m */; };
		0207DA581B56EA530066E2B4 /* Images.xcassets in Resources */ = {isa = PBXBuildFile; fileRef = 0207DA571B56EA530066E2B4 /* Images.xcassets */; };
		054FFFEC62554A31850DD273 /* CDVFileTransfer.m in Sources */ = {isa = PBXBuildFile; fileRef = C852A0ADA5EE462EB9206768 /* CDVFileTransfer.m */; };
		0820AF0361AC468C9387C771 /* CDVLocalFilesystem.m in Sources */ = {isa = PBXBuildFile; fileRef = 7619E24793404F0F87DB5317 /* CDVLocalFilesystem.m */; };
		1CD650E5E2B84CB188D3AF8D /* SocialSharing.m in Sources */ = {isa = PBXBuildFile; fileRef = C90B6C3C238349839E6923A8 /* SocialSharing.m */; };
		1D3623260D0F684500981E51 /* AppDelegate.m in Sources */ = {isa = PBXBuildFile; fileRef = 1D3623250D0F684500981E51 /* AppDelegate.m */; };
		1D60589B0D05DD56006BFB54 /* main.m in Sources */ = {isa = PBXBuildFile; fileRef = 29B97316FDCFA39411CA2CEA /* main.m */; };
		1EB2069CB35447EA9CC5238F /* UIImage+CropScaleOrientation.m in Sources */ = {isa = PBXBuildFile; fileRef = BE80DEDFDF534CEB80E5B433 /* UIImage+CropScaleOrientation.m */; };
		29F6E80B7C964A3C9E415F81 /* APPEmailComposerImpl.m in Sources */ = {isa = PBXBuildFile; fileRef = 7A17F3B1788D4365A6CB9B57 /* APPEmailComposerImpl.m */; };
		2FB561E75D544BF6A9450595 /* CDVLocation.m in Sources */ = {isa = PBXBuildFile; fileRef = 878D7FC9B7E74BE5B06D5C3F /* CDVLocation.m */; };
		301BF552109A68D80062928A /* libCordova.a in Frameworks */ = {isa = PBXBuildFile; fileRef = 301BF535109A57CC0062928A /* libCordova.a */; };
		302D95F114D2391D003F00A1 /* MainViewController.m in Sources */ = {isa = PBXBuildFile; fileRef = 302D95EF14D2391D003F00A1 /* MainViewController.m */; };
		302D95F214D2391D003F00A1 /* MainViewController.xib in Resources */ = {isa = PBXBuildFile; fileRef = 302D95F014D2391D003F00A1 /* MainViewController.xib */; };
		31E71F3679C64D2AB7512615 /* CDVConnection.m in Sources */ = {isa = PBXBuildFile; fileRef = 4AA4C215C9A449A5AF018005 /* CDVConnection.m */; };
		3635F91AF2104AF28F4F9A46 /* SAMKeychainQuery.m in Sources */ = {isa = PBXBuildFile; fileRef = 8A405A5EECBA479CB52169E8 /* SAMKeychainQuery.m */; };
		36924A780AAB48CFB0924D3B /* CoreTelephony.framework in Frameworks */ = {isa = PBXBuildFile; fileRef = 674C965559EA41D2AC06519C /* CoreTelephony.framework */; };
		38E697D8CDB744ABA4F2D7C9 /* LongPressFix.m in Sources */ = {isa = PBXBuildFile; fileRef = 6B5E5475A81F44C092D16671 /* LongPressFix.m */; };
		5097F6FEA7C34E54AD40F26A /* AppVersion.m in Sources */ = {isa = PBXBuildFile; fileRef = CA852CAB8F4B43FA911E96EA /* AppVersion.m */; };
		52530D405E7D4D7D9F6CC8D7 /* libGoogleAnalyticsServices.a in Frameworks */ = {isa = PBXBuildFile; fileRef = B8E258A576784261BFDC7667 /* libGoogleAnalyticsServices.a */; };
		5605339829DE466F979F88A5 /* Ushahidi.entitlements in Resources */ = {isa = PBXBuildFile; fileRef = 272D8C7C9D704094A804CF32 /* Ushahidi.entitlements */; };
		5E2161F11DA94AC6921AED04 /* AdSupport.framework in Frameworks */ = {isa = PBXBuildFile; fileRef = EFD988445F8146CCAF12C04B /* AdSupport.framework */; };
		5E561B52864D4DAE9281A49F /* CDVJpegHeaderWriter.m in Sources */ = {isa = PBXBuildFile; fileRef = CAF14A29A3E0477B855B5FDA /* CDVJpegHeaderWriter.m */; };
		622B8CD536344E5DB88ACE88 /* SQLitePlugin.m in Sources */ = {isa = PBXBuildFile; fileRef = C3645CAE8DC448A1AB4B2014 /* SQLitePlugin.m */; };
		6AFF5BF91D6E424B00AB3073 /* CDVLaunchScreen.storyboard in Resources */ = {isa = PBXBuildFile; fileRef = 6AFF5BF81D6E424B00AB3073 /* CDVLaunchScreen.storyboard */; };
		730E52D894474B16BF00C96F /* SystemConfiguration.framework in Frameworks */ = {isa = PBXBuildFile; fileRef = 6F8FEA8DE5F442DF91865A00 /* SystemConfiguration.framework */; };
		731DBEB639E14AFB8C1DA461 /* APPEmailComposer.m in Sources */ = {isa = PBXBuildFile; fileRef = A0094A2EA2064D38B492ADAE /* APPEmailComposer.m */; };
		7F61070739484578A6D4D48D /* libz.tbd in Frameworks */ = {isa = PBXBuildFile; fileRef = 6FCFF54B4CE64F7E97E6D90E /* libz.tbd */; };
		80DFCAB1138D4381BAF7F4B5 /* AVFoundation.framework in Frameworks */ = {isa = PBXBuildFile; fileRef = 2C33C904F9CA4D63AC430A47 /* AVFoundation.framework */; };
		83A46EC277034D8EA32E86DE /* IsDebug.h in Sources */ = {isa = PBXBuildFile; fileRef = 3A605CAF032E4530AAD0A669 /* IsDebug.h */; };
		8D17B8B7B57D4A6F94316721 /* CDVFile.m in Sources */ = {isa = PBXBuildFile; fileRef = 6C2AE98596B446258DFFC033 /* CDVFile.m */; };
		8D76BFD731D74DA79E2FC732 /* CDVCamera.m in Sources */ = {isa = PBXBuildFile; fileRef = 0837B0B03A3246B4A5471846 /* CDVCamera.m */; };
		8E9B5F12AA8447E4BA3D9101 /* CDVAssetLibraryFilesystem.m in Sources */ = {isa = PBXBuildFile; fileRef = ABE8387680C643CAA64C256A /* CDVAssetLibraryFilesystem.m */; };
		90AAE5EA031D4219B81A39A1 /* CDVDevice.m in Sources */ = {isa = PBXBuildFile; fileRef = EAD38EDB33484A859990B266 /* CDVDevice.m */; };
		928A9F50619E401FB487711F /* MessageUI.framework in Frameworks */ = {isa = PBXBuildFile; fileRef = EC912C3ABFE042FC8DF65500 /* MessageUI.framework */; };
		93027060FD9247ADB4098AB0 /* CoreData.framework in Frameworks */ = {isa = PBXBuildFile; fileRef = 02975589AC824E6E9DB1110E /* CoreData.framework */; };
		99AB37012047483BA50B029A /* IonicKeyboard.m in Sources */ = {isa = PBXBuildFile; fileRef = 84C2CDD46BB24BF3887FF5D9 /* IonicKeyboard.m */; };
		9F38933BA7C04563859DF837 /* libAdIdAccess.a in Frameworks */ = {isa = PBXBuildFile; fileRef = E8B67DC748894494BC620785 /* libAdIdAccess.a */; };
		A5C0E3FE202B4B1F98828602 /* CDVCapture.m in Sources */ = {isa = PBXBuildFile; fileRef = 3A26DB43A2A84DFA876073BA /* CDVCapture.m */; };
		A7021E34B0A54A99A09EBD67 /* CDVLogger.m in Sources */ = {isa = PBXBuildFile; fileRef = C17077E78540478988FD994A /* CDVLogger.m */; };
		A7E6A623135F4CBFA765F0BC /* CDVSpinnerDialog.m in Sources */ = {isa = PBXBuildFile; fileRef = 3985D07FF0114EA59EE13563 /* CDVSpinnerDialog.m */; };
		A823F0D2D9BF4D06A090AF03 /* IonicDeeplinkPlugin.m in Sources */ = {isa = PBXBuildFile; fileRef = 60390B4BA77C4586AF4E9238 /* IonicDeeplinkPlugin.m */; };
		ABBE5D2B30864F8F979B2C48 /* CDVViewController+SplashScreen.m in Sources */ = {isa = PBXBuildFile; fileRef = 0CF17BB134CD471E87163617 /* CDVViewController+SplashScreen.m */; };
		B104D484719E49AFB315D8B0 /* SecureStorage.m in Sources */ = {isa = PBXBuildFile; fileRef = F3C3C7B9A3534989A990EC82 /* SecureStorage.m */; };
		B3BDE29192D44231B58F40B8 /* CDVCapture.bundle in Resources */ = {isa = PBXBuildFile; fileRef = 530DE5BF0DD64C3DB95A8ABE /* CDVCapture.bundle */; };
		B3D16ECFC3D14353B41FDF1A /* CoreLocation.framework in Frameworks */ = {isa = PBXBuildFile; fileRef = 58A4AD8F1FAB4AD69B78B8AD /* CoreLocation.framework */; };
		B6E09DC0793F42C7BA9E8BA2 /* SAMKeychain.m in Sources */ = {isa = PBXBuildFile; fileRef = 9BBD6BE39E5548FB8975364D /* SAMKeychain.m */; };
		BFE8E1577EFD467FA560D096 /* UniversalAnalyticsPlugin.m in Sources */ = {isa = PBXBuildFile; fileRef = 2D706DE8F659499AAFB86DFA /* UniversalAnalyticsPlugin.m */; };
		C4E7C43DC0F94B70B4EFA606 /* CDVReachability.m in Sources */ = {isa = PBXBuildFile; fileRef = F2D79F1198604FBA99DBA85B /* CDVReachability.m */; };
		C772362689104BCE8BCAD14D /* NetworkActivityIndicator.m in Sources */ = {isa = PBXBuildFile; fileRef = F973594E2F584BECB9968E41 /* NetworkActivityIndicator.m */; };
		C99CFBEE173644B19FDA5CBF /* IsDebug.m in Sources */ = {isa = PBXBuildFile; fileRef = 810FA81E760E49F39F1079BD /* IsDebug.m */; };
		CCFCE2A8F04243DA90F203B3 /* ImageIO.framework in Frameworks */ = {isa = PBXBuildFile; fileRef = 9403B74CC5854ED1B2544246 /* ImageIO.framework */; settings = {ATTRIBUTES = (Weak, ); }; };
		CE87F6B9766341F5B617B058 /* SAMKeychain.bundle in Resources */ = {isa = PBXBuildFile; fileRef = F721FFA600054BF5B9B719A4 /* SAMKeychain.bundle */; };
		D9EE798DD1EB445A8DDDD948 /* NSString+SSURLEncoding.m in Sources */ = {isa = PBXBuildFile; fileRef = 95D89FEC47C5447AA4C6A8B9 /* NSString+SSURLEncoding.m */; };
		E5EE16BC24284A42B175EE6F /* libz.dylib in Frameworks */ = {isa = PBXBuildFile; fileRef = 86FB35D84BDA4753840F7A38 /* libz.dylib */; };
		E9093F9759264501AE992CDE /* libsqlite3.dylib in Frameworks */ = {isa = PBXBuildFile; fileRef = C4CB5F4F1579400CACE7C25F /* libsqlite3.dylib */; };
		EA6309F9F8C2418FAB8A595E /* sqlite3.c in Sources */ = {isa = PBXBuildFile; fileRef = B7DE3E18EAE44FC98BE000BC /* sqlite3.c */; settings = {COMPILER_FLAGS = "-DSQLITE_TEMP_STORE=2 -DSQLITE_THREADSAFE=1 -DSQLITE_ENABLE_FTS3 -DSQLITE_ENABLE_FTS3_PARENTHESIS -DSQLITE_ENABLE_FTS4 -DSQLITE_ENABLE_RTREE  -DSQLITE_OMIT_BUILTIN_TEST -DSQLITE_OMIT_LOAD_EXTENSION -DSQLITE_DEFAULT_PAGE_SIZE=1024 -DSQLITE_DEFAULT_CACHE_SIZE=2000"; }; };
		F0C0D7AA86534610B9601886 /* CDVStatusBar.m in Sources */ = {isa = PBXBuildFile; fileRef = 41B1939E62454C169042AB3D /* CDVStatusBar.m */; };
		F0ED398D8C2F4A198E197F50 /* AppDelegate+IonicDeeplink.m in Sources */ = {isa = PBXBuildFile; fileRef = 062B3ECDBE0E4C20921382D6 /* AppDelegate+IonicDeeplink.m */; };
		F49590268B0442038CBA4818 /* Security.framework in Frameworks */ = {isa = PBXBuildFile; fileRef = EC011300C8E04DECADDFE701 /* Security.framework */; };
		FD993DA143DE4BF18AB14070 /* CDVSplashScreen.m in Sources */ = {isa = PBXBuildFile; fileRef = 821586D7D8C64063A2AA6666 /* CDVSplashScreen.m */; };
		FFA4E8C8002146CBA84C77C3 /* Social.framework in Frameworks */ = {isa = PBXBuildFile; fileRef = 8383185ABD87448EAA2B7A90 /* Social.framework */; settings = {ATTRIBUTES = (Weak, ); }; };
/* End PBXBuildFile section */

/* Begin PBXContainerItemProxy section */
		301BF534109A57CC0062928A /* PBXContainerItemProxy */ = {
			isa = PBXContainerItemProxy;
			containerPortal = 301BF52D109A57CC0062928A /* CordovaLib.xcodeproj */;
			proxyType = 2;
			remoteGlobalIDString = D2AAC07E0554694100DB518D;
			remoteInfo = CordovaLib;
		};
		301BF550109A68C00062928A /* PBXContainerItemProxy */ = {
			isa = PBXContainerItemProxy;
			containerPortal = 301BF52D109A57CC0062928A /* CordovaLib.xcodeproj */;
			proxyType = 1;
			remoteGlobalIDString = D2AAC07D0554694100DB518D;
			remoteInfo = CordovaLib;
		};
/* End PBXContainerItemProxy section */

/* Begin PBXFileReference section */
		0207DA571B56EA530066E2B4 /* Images.xcassets */ = {isa = PBXFileReference; lastKnownFileType = folder.assetcatalog; name = Images.xcassets; path = Ushahidi/Images.xcassets; sourceTree = SOURCE_ROOT; };
		02975589AC824E6E9DB1110E /* CoreData.framework */ = {isa = PBXFileReference; explicitFileType = undefined; fileEncoding = 9; includeInIndex = 0; lastKnownFileType = wrapper.framework; name = CoreData.framework; path = System/Library/Frameworks/CoreData.framework; sourceTree = SDKROOT; };
		062B3ECDBE0E4C20921382D6 /* AppDelegate+IonicDeeplink.m */ = {isa = PBXFileReference; explicitFileType = undefined; fileEncoding = 4; includeInIndex = 0; lastKnownFileType = sourcecode.c.objc; name = "AppDelegate+IonicDeeplink.m"; path = "ionic-plugin-deeplinks/AppDelegate+IonicDeeplink.m"; sourceTree = "<group>"; };
		0837B0B03A3246B4A5471846 /* CDVCamera.m */ = {isa = PBXFileReference; explicitFileType = undefined; fileEncoding = 4; includeInIndex = 0; lastKnownFileType = sourcecode.c.objc; name = CDVCamera.m; path = "cordova-plugin-camera/CDVCamera.m"; sourceTree = "<group>"; };
		0AC73E0CD7DA435B98FDBF8F /* SocialSharing.h */ = {isa = PBXFileReference; explicitFileType = undefined; fileEncoding = 4; includeInIndex = 0; lastKnownFileType = sourcecode.c.h; name = SocialSharing.h; path = "cordova-plugin-x-socialsharing/SocialSharing.h"; sourceTree = "<group>"; };
		0CF17BB134CD471E87163617 /* CDVViewController+SplashScreen.m */ = {isa = PBXFileReference; explicitFileType = undefined; fileEncoding = 4; includeInIndex = 0; lastKnownFileType = sourcecode.c.objc; name = "CDVViewController+SplashScreen.m"; path = "cordova-plugin-splashscreen/CDVViewController+SplashScreen.m"; sourceTree = "<group>"; };
		123BE0F893454458983FCEC0 /* GAIEcommercePromotion.h */ = {isa = PBXFileReference; explicitFileType = undefined; fileEncoding = 4; includeInIndex = 0; lastKnownFileType = sourcecode.c.h; name = GAIEcommercePromotion.h; path = "cordova-plugin-google-analytics/GAIEcommercePromotion.h"; sourceTree = "<group>"; };
		1806F3A3F0E74DA48E580772 /* CDVLocalFilesystem.h */ = {isa = PBXFileReference; explicitFileType = undefined; fileEncoding = 4; includeInIndex = 0; lastKnownFileType = sourcecode.c.h; name = CDVLocalFilesystem.h; path = "cordova-plugin-file/CDVLocalFilesystem.h"; sourceTree = "<group>"; };
		1934BEE5ABDF4F20BD080BA3 /* IonicDeeplinkPlugin.h */ = {isa = PBXFileReference; explicitFileType = undefined; fileEncoding = 4; includeInIndex = 0; lastKnownFileType = sourcecode.c.h; name = IonicDeeplinkPlugin.h; path = "ionic-plugin-deeplinks/IonicDeeplinkPlugin.h"; sourceTree = "<group>"; };
		1CD12838A81C418884D70BBF /* CDVLocation.h */ = {isa = PBXFileReference; explicitFileType = undefined; fileEncoding = 4; includeInIndex = 0; lastKnownFileType = sourcecode.c.h; name = CDVLocation.h; path = "cordova-plugin-geolocation/CDVLocation.h"; sourceTree = "<group>"; };
		1D3623240D0F684500981E51 /* AppDelegate.h */ = {isa = PBXFileReference; fileEncoding = 4; lastKnownFileType = sourcecode.c.h; path = AppDelegate.h; sourceTree = "<group>"; };
		1D3623250D0F684500981E51 /* AppDelegate.m */ = {isa = PBXFileReference; fileEncoding = 4; lastKnownFileType = sourcecode.c.objc; path = AppDelegate.m; sourceTree = "<group>"; };
		1D6058910D05DD3D006BFB54 /* Ushahidi.app */ = {isa = PBXFileReference; explicitFileType = wrapper.application; includeInIndex = 0; path = Ushahidi.app; sourceTree = BUILT_PRODUCTS_DIR; };
		1FB4334E5F4E4428B4A8E9BE /* CDVSpinnerDialog.h */ = {isa = PBXFileReference; explicitFileType = undefined; fileEncoding = 4; includeInIndex = 0; lastKnownFileType = sourcecode.c.h; name = CDVSpinnerDialog.h; path = "cordova-plugin-spinner-dialog/CDVSpinnerDialog.h"; sourceTree = "<group>"; };
		27055B20BACC4C94B215FEE5 /* sqlite3.h */ = {isa = PBXFileReference; explicitFileType = undefined; fileEncoding = 4; includeInIndex = 0; lastKnownFileType = sourcecode.c.h; name = sqlite3.h; path = "cordova-sqlite-storage/sqlite3.h"; sourceTree = "<group>"; };
		272D8C7C9D704094A804CF32 /* Ushahidi.entitlements */ = {isa = PBXFileReference; explicitFileType = undefined; fileEncoding = 9; includeInIndex = 0; lastKnownFileType = unknown; path = Ushahidi.entitlements; sourceTree = "<group>"; };
		29B97316FDCFA39411CA2CEA /* main.m */ = {isa = PBXFileReference; fileEncoding = 4; lastKnownFileType = sourcecode.c.objc; path = main.m; sourceTree = "<group>"; };
		2C33C904F9CA4D63AC430A47 /* AVFoundation.framework */ = {isa = PBXFileReference; explicitFileType = undefined; fileEncoding = 9; includeInIndex = 0; lastKnownFileType = wrapper.framework; name = AVFoundation.framework; path = System/Library/Frameworks/AVFoundation.framework; sourceTree = SDKROOT; };
		2D706DE8F659499AAFB86DFA /* UniversalAnalyticsPlugin.m */ = {isa = PBXFileReference; explicitFileType = undefined; fileEncoding = 4; includeInIndex = 0; lastKnownFileType = sourcecode.c.objc; name = UniversalAnalyticsPlugin.m; path = "cordova-plugin-google-analytics/UniversalAnalyticsPlugin.m"; sourceTree = "<group>"; };
		2E5117A16BB648ACB6AC92C1 /* CDVSplashScreen.h */ = {isa = PBXFileReference; explicitFileType = undefined; fileEncoding = 4; includeInIndex = 0; lastKnownFileType = sourcecode.c.h; name = CDVSplashScreen.h; path = "cordova-plugin-splashscreen/CDVSplashScreen.h"; sourceTree = "<group>"; };
		301BF52D109A57CC0062928A /* CordovaLib.xcodeproj */ = {isa = PBXFileReference; lastKnownFileType = "wrapper.pb-project"; name = CordovaLib.xcodeproj; path = CordovaLib/CordovaLib.xcodeproj; sourceTree = "<group>"; };
		301BF56E109A69640062928A /* www */ = {isa = PBXFileReference; lastKnownFileType = folder; path = www; sourceTree = SOURCE_ROOT; };
		302D95EE14D2391D003F00A1 /* MainViewController.h */ = {isa = PBXFileReference; fileEncoding = 4; lastKnownFileType = sourcecode.c.h; path = MainViewController.h; sourceTree = "<group>"; };
		302D95EF14D2391D003F00A1 /* MainViewController.m */ = {isa = PBXFileReference; fileEncoding = 4; lastKnownFileType = sourcecode.c.objc; path = MainViewController.m; sourceTree = "<group>"; };
		302D95F014D2391D003F00A1 /* MainViewController.xib */ = {isa = PBXFileReference; fileEncoding = 4; lastKnownFileType = file.xib; path = MainViewController.xib; sourceTree = "<group>"; };
		3047A50F1AB8059700498E2A /* build-debug.xcconfig */ = {isa = PBXFileReference; fileEncoding = 4; lastKnownFileType = text.xcconfig; name = "build-debug.xcconfig"; path = "cordova/build-debug.xcconfig"; sourceTree = SOURCE_ROOT; };
		3047A5101AB8059700498E2A /* build-release.xcconfig */ = {isa = PBXFileReference; fileEncoding = 4; lastKnownFileType = text.xcconfig; name = "build-release.xcconfig"; path = "cordova/build-release.xcconfig"; sourceTree = SOURCE_ROOT; };
		3047A5111AB8059700498E2A /* build.xcconfig */ = {isa = PBXFileReference; fileEncoding = 4; lastKnownFileType = text.xcconfig; name = build.xcconfig; path = cordova/build.xcconfig; sourceTree = SOURCE_ROOT; };
		32CA4F630368D1EE00C91783 /* Ushahidi-Prefix.pch */ = {isa = PBXFileReference; fileEncoding = 4; lastKnownFileType = sourcecode.c.h; path = "Ushahidi-Prefix.pch"; sourceTree = "<group>"; };
		34001CE175E14C889E3C1C5C /* CDVCamera.h */ = {isa = PBXFileReference; explicitFileType = undefined; fileEncoding = 4; includeInIndex = 0; lastKnownFileType = sourcecode.c.h; name = CDVCamera.h; path = "cordova-plugin-camera/CDVCamera.h"; sourceTree = "<group>"; };
		344005F3DFA64A1D87755420 /* CDVJpegHeaderWriter.h */ = {isa = PBXFileReference; explicitFileType = undefined; fileEncoding = 4; includeInIndex = 0; lastKnownFileType = sourcecode.c.h; name = CDVJpegHeaderWriter.h; path = "cordova-plugin-camera/CDVJpegHeaderWriter.h"; sourceTree = "<group>"; };
		3590DD3763B4413083097609 /* CDVCapture.h */ = {isa = PBXFileReference; explicitFileType = undefined; fileEncoding = 4; includeInIndex = 0; lastKnownFileType = sourcecode.c.h; name = CDVCapture.h; path = "cordova-plugin-media-capture/CDVCapture.h"; sourceTree = "<group>"; };
		3985D07FF0114EA59EE13563 /* CDVSpinnerDialog.m */ = {isa = PBXFileReference; explicitFileType = undefined; fileEncoding = 4; includeInIndex = 0; lastKnownFileType = sourcecode.c.objc; name = CDVSpinnerDialog.m; path = "cordova-plugin-spinner-dialog/CDVSpinnerDialog.m"; sourceTree = "<group>"; };
		3A26DB43A2A84DFA876073BA /* CDVCapture.m */ = {isa = PBXFileReference; explicitFileType = undefined; fileEncoding = 4; includeInIndex = 0; lastKnownFileType = sourcecode.c.objc; name = CDVCapture.m; path = "cordova-plugin-media-capture/CDVCapture.m"; sourceTree = "<group>"; };
		3A605CAF032E4530AAD0A669 /* IsDebug.h */ = {isa = PBXFileReference; explicitFileType = undefined; fileEncoding = 4; includeInIndex = 0; lastKnownFileType = sourcecode.c.h; name = IsDebug.h; path = "cordova-plugin-is-debug/IsDebug.h"; sourceTree = "<group>"; };
		41B1939E62454C169042AB3D /* CDVStatusBar.m */ = {isa = PBXFileReference; explicitFileType = undefined; fileEncoding = 4; includeInIndex = 0; lastKnownFileType = sourcecode.c.objc; name = CDVStatusBar.m; path = "cordova-plugin-statusbar/CDVStatusBar.m"; sourceTree = "<group>"; };
		43AA819D19AE41A9966C0780 /* GAIEcommerceProductAction.h */ = {isa = PBXFileReference; explicitFileType = undefined; fileEncoding = 4; includeInIndex = 0; lastKnownFileType = sourcecode.c.h; name = GAIEcommerceProductAction.h; path = "cordova-plugin-google-analytics/GAIEcommerceProductAction.h"; sourceTree = "<group>"; };
		43ADB6E81CA54316B00CBA09 /* CDVConnection.h */ = {isa = PBXFileReference; explicitFileType = undefined; fileEncoding = 4; includeInIndex = 0; lastKnownFileType = sourcecode.c.h; name = CDVConnection.h; path = "cordova-plugin-network-information/CDVConnection.h"; sourceTree = "<group>"; };
		4846C8EBB719427FB0B5CC2D /* CDVFile.h */ = {isa = PBXFileReference; explicitFileType = undefined; fileEncoding = 4; includeInIndex = 0; lastKnownFileType = sourcecode.c.h; name = CDVFile.h; path = "cordova-plugin-file/CDVFile.h"; sourceTree = "<group>"; };
		48F04BD13B524242B09DE7E3 /* GAIEcommerceProduct.h */ = {isa = PBXFileReference; explicitFileType = undefined; fileEncoding = 4; includeInIndex = 0; lastKnownFileType = sourcecode.c.h; name = GAIEcommerceProduct.h; path = "cordova-plugin-google-analytics/GAIEcommerceProduct.h"; sourceTree = "<group>"; };
		4AA4C215C9A449A5AF018005 /* CDVConnection.m */ = {isa = PBXFileReference; explicitFileType = undefined; fileEncoding = 4; includeInIndex = 0; lastKnownFileType = sourcecode.c.objc; name = CDVConnection.m; path = "cordova-plugin-network-information/CDVConnection.m"; sourceTree = "<group>"; };
		4D5E4843C7024920AE609651 /* CDVStatusBar.h */ = {isa = PBXFileReference; explicitFileType = undefined; fileEncoding = 4; includeInIndex = 0; lastKnownFileType = sourcecode.c.h; name = CDVStatusBar.h; path = "cordova-plugin-statusbar/CDVStatusBar.h"; sourceTree = "<group>"; };
		530DE5BF0DD64C3DB95A8ABE /* CDVCapture.bundle */ = {isa = PBXFileReference; explicitFileType = undefined; fileEncoding = 9; includeInIndex = 0; lastKnownFileType = "wrapper.plug-in"; path = CDVCapture.bundle; sourceTree = "<group>"; };
		58A4AD8F1FAB4AD69B78B8AD /* CoreLocation.framework */ = {isa = PBXFileReference; explicitFileType = undefined; fileEncoding = 9; includeInIndex = 0; lastKnownFileType = wrapper.framework; name = CoreLocation.framework; path = System/Library/Frameworks/CoreLocation.framework; sourceTree = SDKROOT; };
		5972F89FCC2A48D6AE1E06A0 /* CDVAssetLibraryFilesystem.h */ = {isa = PBXFileReference; explicitFileType = undefined; fileEncoding = 4; includeInIndex = 0; lastKnownFileType = sourcecode.c.h; name = CDVAssetLibraryFilesystem.h; path = "cordova-plugin-file/CDVAssetLibraryFilesystem.h"; sourceTree = "<group>"; };
		60390B4BA77C4586AF4E9238 /* IonicDeeplinkPlugin.m */ = {isa = PBXFileReference; explicitFileType = undefined; fileEncoding = 4; includeInIndex = 0; lastKnownFileType = sourcecode.c.objc; name = IonicDeeplinkPlugin.m; path = "ionic-plugin-deeplinks/IonicDeeplinkPlugin.m"; sourceTree = "<group>"; };
		6556C12585854AC891B5EACB /* CDVLogger.h */ = {isa = PBXFileReference; explicitFileType = undefined; fileEncoding = 4; includeInIndex = 0; lastKnownFileType = sourcecode.c.h; name = CDVLogger.h; path = "cordova-plugin-console/CDVLogger.h"; sourceTree = "<group>"; };
		674C965559EA41D2AC06519C /* CoreTelephony.framework */ = {isa = PBXFileReference; explicitFileType = undefined; fileEncoding = 9; includeInIndex = 0; lastKnownFileType = wrapper.framework; name = CoreTelephony.framework; path = System/Library/Frameworks/CoreTelephony.framework; sourceTree = SDKROOT; };
		6A4C331FE6314D1091C21C72 /* GAIEcommerceFields.h */ = {isa = PBXFileReference; explicitFileType = undefined; fileEncoding = 4; includeInIndex = 0; lastKnownFileType = sourcecode.c.h; name = GAIEcommerceFields.h; path = "cordova-plugin-google-analytics/GAIEcommerceFields.h"; sourceTree = "<group>"; };
		6AFF5BF81D6E424B00AB3073 /* CDVLaunchScreen.storyboard */ = {isa = PBXFileReference; fileEncoding = 4; lastKnownFileType = file.storyboard; name = CDVLaunchScreen.storyboard; path = Ushahidi/CDVLaunchScreen.storyboard; sourceTree = SOURCE_ROOT; };
		6B5E5475A81F44C092D16671 /* LongPressFix.m */ = {isa = PBXFileReference; explicitFileType = undefined; fileEncoding = 4; includeInIndex = 0; lastKnownFileType = sourcecode.c.objc; name = LongPressFix.m; path = "cordova-plugin-ios-longpress-fix/LongPressFix.m"; sourceTree = "<group>"; };
		6C2AE98596B446258DFFC033 /* CDVFile.m */ = {isa = PBXFileReference; explicitFileType = undefined; fileEncoding = 4; includeInIndex = 0; lastKnownFileType = sourcecode.c.objc; name = CDVFile.m; path = "cordova-plugin-file/CDVFile.m"; sourceTree = "<group>"; };
		6D1D1C25FC8C45758295B5FF /* NSString+SSURLEncoding.h */ = {isa = PBXFileReference; explicitFileType = undefined; fileEncoding = 4; includeInIndex = 0; lastKnownFileType = sourcecode.c.h; name = "NSString+SSURLEncoding.h"; path = "cordova-plugin-x-socialsharing/NSString+SSURLEncoding.h"; sourceTree = "<group>"; };
		6F8FEA8DE5F442DF91865A00 /* SystemConfiguration.framework */ = {isa = PBXFileReference; explicitFileType = undefined; fileEncoding = 9; includeInIndex = 0; lastKnownFileType = wrapper.framework; name = SystemConfiguration.framework; path = System/Library/Frameworks/SystemConfiguration.framework; sourceTree = SDKROOT; };
		6FCFF54B4CE64F7E97E6D90E /* libz.tbd */ = {isa = PBXFileReference; explicitFileType = undefined; fileEncoding = 9; includeInIndex = 0; lastKnownFileType = "sourcecode.text-based-dylib-definition"; name = libz.tbd; path = usr/lib/libz.tbd; sourceTree = SDKROOT; };
		6FE850FC36FD4CF982A9C4C1 /* GAIFields.h */ = {isa = PBXFileReference; explicitFileType = undefined; fileEncoding = 4; includeInIndex = 0; lastKnownFileType = sourcecode.c.h; name = GAIFields.h; path = "cordova-plugin-google-analytics/GAIFields.h"; sourceTree = "<group>"; };
		720D09944E8C4426BCC6C69B /* SAMKeychainQuery.h */ = {isa = PBXFileReference; explicitFileType = undefined; fileEncoding = 4; includeInIndex = 0; lastKnownFileType = sourcecode.c.h; name = SAMKeychainQuery.h; path = "cordova-plugin-secure-storage/SAMKeychainQuery.h"; sourceTree = "<group>"; };
		72A6C140479743D3913E1895 /* GAITracker.h */ = {isa = PBXFileReference; explicitFileType = undefined; fileEncoding = 4; includeInIndex = 0; lastKnownFileType = sourcecode.c.h; name = GAITracker.h; path = "cordova-plugin-google-analytics/GAITracker.h"; sourceTree = "<group>"; };
		7619E24793404F0F87DB5317 /* CDVLocalFilesystem.m */ = {isa = PBXFileReference; explicitFileType = undefined; fileEncoding = 4; includeInIndex = 0; lastKnownFileType = sourcecode.c.objc; name = CDVLocalFilesystem.m; path = "cordova-plugin-file/CDVLocalFilesystem.m"; sourceTree = "<group>"; };
		778D57C34B3D434883492AD8 /* UIImage+CropScaleOrientation.h */ = {isa = PBXFileReference; explicitFileType = undefined; fileEncoding = 4; includeInIndex = 0; lastKnownFileType = sourcecode.c.h; name = "UIImage+CropScaleOrientation.h"; path = "cordova-plugin-camera/UIImage+CropScaleOrientation.h"; sourceTree = "<group>"; };
		7A17F3B1788D4365A6CB9B57 /* APPEmailComposerImpl.m */ = {isa = PBXFileReference; explicitFileType = undefined; fileEncoding = 4; includeInIndex = 0; lastKnownFileType = sourcecode.c.objc; name = APPEmailComposerImpl.m; path = "cordova-plugin-email/APPEmailComposerImpl.m"; sourceTree = "<group>"; };
		7B28C197D57A494D8FFCD588 /* APPEmailComposerImpl.h */ = {isa = PBXFileReference; explicitFileType = undefined; fileEncoding = 4; includeInIndex = 0; lastKnownFileType = sourcecode.c.h; name = APPEmailComposerImpl.h; path = "cordova-plugin-email/APPEmailComposerImpl.h"; sourceTree = "<group>"; };
		8102C634D3F04019B258528C /* APPEmailComposer.h */ = {isa = PBXFileReference; explicitFileType = undefined; fileEncoding = 4; includeInIndex = 0; lastKnownFileType = sourcecode.c.h; name = APPEmailComposer.h; path = "cordova-plugin-email/APPEmailComposer.h"; sourceTree = "<group>"; };
		810FA81E760E49F39F1079BD /* IsDebug.m */ = {isa = PBXFileReference; explicitFileType = undefined; fileEncoding = 4; includeInIndex = 0; lastKnownFileType = sourcecode.c.objc; name = IsDebug.m; path = "cordova-plugin-is-debug/IsDebug.m"; sourceTree = "<group>"; };
		821586D7D8C64063A2AA6666 /* CDVSplashScreen.m */ = {isa = PBXFileReference; explicitFileType = undefined; fileEncoding = 4; includeInIndex = 0; lastKnownFileType = sourcecode.c.objc; name = CDVSplashScreen.m; path = "cordova-plugin-splashscreen/CDVSplashScreen.m"; sourceTree = "<group>"; };
		8383185ABD87448EAA2B7A90 /* Social.framework */ = {isa = PBXFileReference; explicitFileType = undefined; fileEncoding = 9; includeInIndex = 0; lastKnownFileType = wrapper.framework; name = Social.framework; path = System/Library/Frameworks/Social.framework; sourceTree = SDKROOT; };
		84C2CDD46BB24BF3887FF5D9 /* IonicKeyboard.m */ = {isa = PBXFileReference; explicitFileType = undefined; fileEncoding = 4; includeInIndex = 0; lastKnownFileType = sourcecode.c.objc; name = IonicKeyboard.m; path = "ionic-plugin-keyboard/IonicKeyboard.m"; sourceTree = "<group>"; };
		86FB35D84BDA4753840F7A38 /* libz.dylib */ = {isa = PBXFileReference; explicitFileType = undefined; fileEncoding = 9; includeInIndex = 0; lastKnownFileType = "compiled.mach-o.dylib"; name = libz.dylib; path = usr/lib/libz.dylib; sourceTree = SDKROOT; };
		878D7FC9B7E74BE5B06D5C3F /* CDVLocation.m */ = {isa = PBXFileReference; explicitFileType = undefined; fileEncoding = 4; includeInIndex = 0; lastKnownFileType = sourcecode.c.objc; name = CDVLocation.m; path = "cordova-plugin-geolocation/CDVLocation.m"; sourceTree = "<group>"; };
		8A405A5EECBA479CB52169E8 /* SAMKeychainQuery.m */ = {isa = PBXFileReference; explicitFileType = undefined; fileEncoding = 4; includeInIndex = 0; lastKnownFileType = sourcecode.c.objc; name = SAMKeychainQuery.m; path = "cordova-plugin-secure-storage/SAMKeychainQuery.m"; sourceTree = "<group>"; };
		8D1107310486CEB800E47090 /* Ushahidi-Info.plist */ = {isa = PBXFileReference; fileEncoding = 4; lastKnownFileType = text.plist.xml; name = "Ushahidi-Info.plist"; path = "Ushahidi/Ushahidi-Info.plist"; plistStructureDefinitionIdentifier = "com.apple.xcode.plist.structure-definition.iphone.info-plist"; sourceTree = SOURCE_ROOT; };
		9403B74CC5854ED1B2544246 /* ImageIO.framework */ = {isa = PBXFileReference; explicitFileType = undefined; fileEncoding = 9; includeInIndex = 0; lastKnownFileType = wrapper.framework; name = ImageIO.framework; path = System/Library/Frameworks/ImageIO.framework; sourceTree = SDKROOT; };
		957835402954475BAE7570FF /* LongPressFix.h */ = {isa = PBXFileReference; explicitFileType = undefined; fileEncoding = 4; includeInIndex = 0; lastKnownFileType = sourcecode.c.h; name = LongPressFix.h; path = "cordova-plugin-ios-longpress-fix/LongPressFix.h"; sourceTree = "<group>"; };
		95D89FEC47C5447AA4C6A8B9 /* NSString+SSURLEncoding.m */ = {isa = PBXFileReference; explicitFileType = undefined; fileEncoding = 4; includeInIndex = 0; lastKnownFileType = sourcecode.c.objc; name = "NSString+SSURLEncoding.m"; path = "cordova-plugin-x-socialsharing/NSString+SSURLEncoding.m"; sourceTree = "<group>"; };
		9BBD6BE39E5548FB8975364D /* SAMKeychain.m */ = {isa = PBXFileReference; explicitFileType = undefined; fileEncoding = 4; includeInIndex = 0; lastKnownFileType = sourcecode.c.objc; name = SAMKeychain.m; path = "cordova-plugin-secure-storage/SAMKeychain.m"; sourceTree = "<group>"; };
		A003106C38D149DC961DD812 /* CDVInAppBrowser.h */ = {isa = PBXFileReference; explicitFileType = undefined; fileEncoding = 4; includeInIndex = 0; lastKnownFileType = sourcecode.c.h; name = CDVInAppBrowser.h; path = "cordova-plugin-inappbrowser/CDVInAppBrowser.h"; sourceTree = "<group>"; };
		A0094A2EA2064D38B492ADAE /* APPEmailComposer.m */ = {isa = PBXFileReference; explicitFileType = undefined; fileEncoding = 4; includeInIndex = 0; lastKnownFileType = sourcecode.c.objc; name = APPEmailComposer.m; path = "cordova-plugin-email/APPEmailComposer.m"; sourceTree = "<group>"; };
		A3B0A9CD240B40D885B720A3 /* IonicKeyboard.h */ = {isa = PBXFileReference; explicitFileType = undefined; fileEncoding = 4; includeInIndex = 0; lastKnownFileType = sourcecode.c.h; name = IonicKeyboard.h; path = "ionic-plugin-keyboard/IonicKeyboard.h"; sourceTree = "<group>"; };
		A447FACD08214151B3AD5BD5 /* CDVReachability.h */ = {isa = PBXFileReference; explicitFileType = undefined; fileEncoding = 4; includeInIndex = 0; lastKnownFileType = sourcecode.c.h; name = CDVReachability.h; path = "cordova-plugin-network-information/CDVReachability.h"; sourceTree = "<group>"; };
		AAA1BAF68341414D986018C6 /* CDVFileTransfer.h */ = {isa = PBXFileReference; explicitFileType = undefined; fileEncoding = 4; includeInIndex = 0; lastKnownFileType = sourcecode.c.h; name = CDVFileTransfer.h; path = "cordova-plugin-file-transfer/CDVFileTransfer.h"; sourceTree = "<group>"; };
		ABE8387680C643CAA64C256A /* CDVAssetLibraryFilesystem.m */ = {isa = PBXFileReference; explicitFileType = undefined; fileEncoding = 4; includeInIndex = 0; lastKnownFileType = sourcecode.c.objc; name = CDVAssetLibraryFilesystem.m; path = "cordova-plugin-file/CDVAssetLibraryFilesystem.m"; sourceTree = "<group>"; };
		AD9D3EE5FE3E423FAE542606 /* NetworkActivityIndicator.h */ = {isa = PBXFileReference; explicitFileType = undefined; fileEncoding = 4; includeInIndex = 0; lastKnownFileType = sourcecode.c.h; name = NetworkActivityIndicator.h; path = "cordova-plugin-networkactivityindicator/NetworkActivityIndicator.h"; sourceTree = "<group>"; };
		B57DA0949C4642E38F4A0438 /* SAMKeychain.h */ = {isa = PBXFileReference; explicitFileType = undefined; fileEncoding = 4; includeInIndex = 0; lastKnownFileType = sourcecode.c.h; name = SAMKeychain.h; path = "cordova-plugin-secure-storage/SAMKeychain.h"; sourceTree = "<group>"; };
		B7DE3E18EAE44FC98BE000BC /* sqlite3.c */ = {isa = PBXFileReference; explicitFileType = undefined; fileEncoding = 9; includeInIndex = 0; lastKnownFileType = unknown; name = sqlite3.c; path = "cordova-sqlite-storage/sqlite3.c"; sourceTree = "<group>"; };
		B8E258A576784261BFDC7667 /* libGoogleAnalyticsServices.a */ = {isa = PBXFileReference; explicitFileType = undefined; fileEncoding = 9; includeInIndex = 0; lastKnownFileType = archive.ar; name = libGoogleAnalyticsServices.a; path = "Ushahidi/Plugins/cordova-plugin-google-analytics/libGoogleAnalyticsServices.a"; sourceTree = "<group>"; };
		BB23E4C58C9C4179A13B43C8 /* GAI.h */ = {isa = PBXFileReference; explicitFileType = undefined; fileEncoding = 4; includeInIndex = 0; lastKnownFileType = sourcecode.c.h; name = GAI.h; path = "cordova-plugin-google-analytics/GAI.h"; sourceTree = "<group>"; };
		BB5C52320C634434AEBE237A /* GAIDictionaryBuilder.h */ = {isa = PBXFileReference; explicitFileType = undefined; fileEncoding = 4; includeInIndex = 0; lastKnownFileType = sourcecode.c.h; name = GAIDictionaryBuilder.h; path = "cordova-plugin-google-analytics/GAIDictionaryBuilder.h"; sourceTree = "<group>"; };
		BE80DEDFDF534CEB80E5B433 /* UIImage+CropScaleOrientation.m */ = {isa = PBXFileReference; explicitFileType = undefined; fileEncoding = 4; includeInIndex = 0; lastKnownFileType = sourcecode.c.objc; name = "UIImage+CropScaleOrientation.m"; path = "cordova-plugin-camera/UIImage+CropScaleOrientation.m"; sourceTree = "<group>"; };
		BFBDA7597C7F4077AA62559F /* GAILogger.h */ = {isa = PBXFileReference; explicitFileType = undefined; fileEncoding = 4; includeInIndex = 0; lastKnownFileType = sourcecode.c.h; name = GAILogger.h; path = "cordova-plugin-google-analytics/GAILogger.h"; sourceTree = "<group>"; };
		C17077E78540478988FD994A /* CDVLogger.m */ = {isa = PBXFileReference; explicitFileType = undefined; fileEncoding = 4; includeInIndex = 0; lastKnownFileType = sourcecode.c.objc; name = CDVLogger.m; path = "cordova-plugin-console/CDVLogger.m"; sourceTree = "<group>"; };
		C3645CAE8DC448A1AB4B2014 /* SQLitePlugin.m */ = {isa = PBXFileReference; explicitFileType = undefined; fileEncoding = 4; includeInIndex = 0; lastKnownFileType = sourcecode.c.objc; name = SQLitePlugin.m; path = "cordova-sqlite-storage/SQLitePlugin.m"; sourceTree = "<group>"; };
		C4CB5F4F1579400CACE7C25F /* libsqlite3.dylib */ = {isa = PBXFileReference; explicitFileType = undefined; fileEncoding = 9; includeInIndex = 0; lastKnownFileType = "compiled.mach-o.dylib"; name = libsqlite3.dylib; path = usr/lib/libsqlite3.dylib; sourceTree = SDKROOT; };
		C5016E0C52C24CBF9254BCD4 /* CDVInAppBrowser.m */ = {isa = PBXFileReference; explicitFileType = undefined; fileEncoding = 4; includeInIndex = 0; lastKnownFileType = sourcecode.c.objc; name = CDVInAppBrowser.m; path = "cordova-plugin-inappbrowser/CDVInAppBrowser.m"; sourceTree = "<group>"; };
		C852A0ADA5EE462EB9206768 /* CDVFileTransfer.m */ = {isa = PBXFileReference; explicitFileType = undefined; fileEncoding = 4; includeInIndex = 0; lastKnownFileType = sourcecode.c.objc; name = CDVFileTransfer.m; path = "cordova-plugin-file-transfer/CDVFileTransfer.m"; sourceTree = "<group>"; };
		C90B6C3C238349839E6923A8 /* SocialSharing.m */ = {isa = PBXFileReference; explicitFileType = undefined; fileEncoding = 4; includeInIndex = 0; lastKnownFileType = sourcecode.c.objc; name = SocialSharing.m; path = "cordova-plugin-x-socialsharing/SocialSharing.m"; sourceTree = "<group>"; };
		CA852CAB8F4B43FA911E96EA /* AppVersion.m */ = {isa = PBXFileReference; explicitFileType = undefined; fileEncoding = 4; includeInIndex = 0; lastKnownFileType = sourcecode.c.objc; name = AppVersion.m; path = "cordova-plugin-app-version/AppVersion.m"; sourceTree = "<group>"; };
		CAF14A29A3E0477B855B5FDA /* CDVJpegHeaderWriter.m */ = {isa = PBXFileReference; explicitFileType = undefined; fileEncoding = 4; includeInIndex = 0; lastKnownFileType = sourcecode.c.objc; name = CDVJpegHeaderWriter.m; path = "cordova-plugin-camera/CDVJpegHeaderWriter.m"; sourceTree = "<group>"; };
		CBBA30D3FABC47CFAD186F64 /* CDVExif.h */ = {isa = PBXFileReference; explicitFileType = undefined; fileEncoding = 4; includeInIndex = 0; lastKnownFileType = sourcecode.c.h; name = CDVExif.h; path = "cordova-plugin-camera/CDVExif.h"; sourceTree = "<group>"; };
		CF741CCFF2A949B6AD87E33C /* UniversalAnalyticsPlugin.h */ = {isa = PBXFileReference; explicitFileType = undefined; fileEncoding = 4; includeInIndex = 0; lastKnownFileType = sourcecode.c.h; name = UniversalAnalyticsPlugin.h; path = "cordova-plugin-google-analytics/UniversalAnalyticsPlugin.h"; sourceTree = "<group>"; };
		CFBB735D38DB4CD288986402 /* GAITrackedViewController.h */ = {isa = PBXFileReference; explicitFileType = undefined; fileEncoding = 4; includeInIndex = 0; lastKnownFileType = sourcecode.c.h; name = GAITrackedViewController.h; path = "cordova-plugin-google-analytics/GAITrackedViewController.h"; sourceTree = "<group>"; };
		DB3F0F6AA2A349B1AF204D58 /* CDVViewController+SplashScreen.h */ = {isa = PBXFileReference; explicitFileType = undefined; fileEncoding = 4; includeInIndex = 0; lastKnownFileType = sourcecode.c.h; name = "CDVViewController+SplashScreen.h"; path = "cordova-plugin-splashscreen/CDVViewController+SplashScreen.h"; sourceTree = "<group>"; };
		E8B67DC748894494BC620785 /* libAdIdAccess.a */ = {isa = PBXFileReference; explicitFileType = undefined; fileEncoding = 9; includeInIndex = 0; lastKnownFileType = archive.ar; name = libAdIdAccess.a; path = "Ushahidi/Plugins/cordova-plugin-google-analytics/libAdIdAccess.a"; sourceTree = "<group>"; };
		EAD38EDB33484A859990B266 /* CDVDevice.m */ = {isa = PBXFileReference; explicitFileType = undefined; fileEncoding = 4; includeInIndex = 0; lastKnownFileType = sourcecode.c.objc; name = CDVDevice.m; path = "cordova-plugin-device/CDVDevice.m"; sourceTree = "<group>"; };
		EB87FDF31871DA8E0020F90C /* www */ = {isa = PBXFileReference; lastKnownFileType = folder; name = www; path = ../../www; sourceTree = "<group>"; };
		EB87FDF41871DAF40020F90C /* config.xml */ = {isa = PBXFileReference; lastKnownFileType = text.xml; name = config.xml; path = ../../config.xml; sourceTree = "<group>"; };
		EC011300C8E04DECADDFE701 /* Security.framework */ = {isa = PBXFileReference; explicitFileType = undefined; fileEncoding = 9; includeInIndex = 0; lastKnownFileType = wrapper.framework; name = Security.framework; path = System/Library/Frameworks/Security.framework; sourceTree = SDKROOT; };
		EC912C3ABFE042FC8DF65500 /* MessageUI.framework */ = {isa = PBXFileReference; explicitFileType = undefined; fileEncoding = 9; includeInIndex = 0; lastKnownFileType = wrapper.framework; name = MessageUI.framework; path = System/Library/Frameworks/MessageUI.framework; sourceTree = SDKROOT; };
		ED33DF2A687741AEAF9F8254 /* Bridging-Header.h */ = {isa = PBXFileReference; fileEncoding = 4; lastKnownFileType = sourcecode.c.h; path = "Bridging-Header.h"; sourceTree = "<group>"; };
		EFD988445F8146CCAF12C04B /* AdSupport.framework */ = {isa = PBXFileReference; explicitFileType = undefined; fileEncoding = 9; includeInIndex = 0; lastKnownFileType = wrapper.framework; name = AdSupport.framework; path = System/Library/Frameworks/AdSupport.framework; sourceTree = SDKROOT; };
		F2D79F1198604FBA99DBA85B /* CDVReachability.m */ = {isa = PBXFileReference; explicitFileType = undefined; fileEncoding = 4; includeInIndex = 0; lastKnownFileType = sourcecode.c.objc; name = CDVReachability.m; path = "cordova-plugin-network-information/CDVReachability.m"; sourceTree = "<group>"; };
		F3C3C7B9A3534989A990EC82 /* SecureStorage.m */ = {isa = PBXFileReference; explicitFileType = undefined; fileEncoding = 4; includeInIndex = 0; lastKnownFileType = sourcecode.c.objc; name = SecureStorage.m; path = "cordova-plugin-secure-storage/SecureStorage.m"; sourceTree = "<group>"; };
		F6BFFD15323A42DE8FC7312E /* SQLitePlugin.h */ = {isa = PBXFileReference; explicitFileType = undefined; fileEncoding = 4; includeInIndex = 0; lastKnownFileType = sourcecode.c.h; name = SQLitePlugin.h; path = "cordova-sqlite-storage/SQLitePlugin.h"; sourceTree = "<group>"; };
		F721FFA600054BF5B9B719A4 /* SAMKeychain.bundle */ = {isa = PBXFileReference; explicitFileType = undefined; fileEncoding = 9; includeInIndex = 0; lastKnownFileType = "wrapper.plug-in"; path = SAMKeychain.bundle; sourceTree = "<group>"; };
		F840E1F0165FE0F500CFE078 /* config.xml */ = {isa = PBXFileReference; lastKnownFileType = text.xml; name = config.xml; path = Ushahidi/config.xml; sourceTree = "<group>"; };
		F973594E2F584BECB9968E41 /* NetworkActivityIndicator.m */ = {isa = PBXFileReference; explicitFileType = undefined; fileEncoding = 4; includeInIndex = 0; lastKnownFileType = sourcecode.c.objc; name = NetworkActivityIndicator.m; path = "cordova-plugin-networkactivityindicator/NetworkActivityIndicator.m"; sourceTree = "<group>"; };
		FB3A2EF3FDFE4D739193394C /* AppVersion.h */ = {isa = PBXFileReference; explicitFileType = undefined; fileEncoding = 4; includeInIndex = 0; lastKnownFileType = sourcecode.c.h; name = AppVersion.h; path = "cordova-plugin-app-version/AppVersion.h"; sourceTree = "<group>"; };
		FC165F28678A462C8CB1B8FB /* CDVDevice.h */ = {isa = PBXFileReference; explicitFileType = undefined; fileEncoding = 4; includeInIndex = 0; lastKnownFileType = sourcecode.c.h; name = CDVDevice.h; path = "cordova-plugin-device/CDVDevice.h"; sourceTree = "<group>"; };
		FC8BE1D9870C4A18BA0ABD1D /* SecureStorage.h */ = {isa = PBXFileReference; explicitFileType = undefined; fileEncoding = 4; includeInIndex = 0; lastKnownFileType = sourcecode.c.h; name = SecureStorage.h; path = "cordova-plugin-secure-storage/SecureStorage.h"; sourceTree = "<group>"; };
/* End PBXFileReference section */

/* Begin PBXFrameworksBuildPhase section */
		1D60588F0D05DD3D006BFB54 /* Frameworks */ = {
			isa = PBXFrameworksBuildPhase;
			buildActionMask = 2147483647;
			files = (
				301BF552109A68D80062928A /* libCordova.a in Frameworks */,
				CCFCE2A8F04243DA90F203B3 /* ImageIO.framework in Frameworks */,
				B3D16ECFC3D14353B41FDF1A /* CoreLocation.framework in Frameworks */,
				80DFCAB1138D4381BAF7F4B5 /* AVFoundation.framework in Frameworks */,
				7F61070739484578A6D4D48D /* libz.tbd in Frameworks */,
				928A9F50619E401FB487711F /* MessageUI.framework in Frameworks */,
				52530D405E7D4D7D9F6CC8D7 /* libGoogleAnalyticsServices.a in Frameworks */,
				9F38933BA7C04563859DF837 /* libAdIdAccess.a in Frameworks */,
				730E52D894474B16BF00C96F /* SystemConfiguration.framework in Frameworks */,
				93027060FD9247ADB4098AB0 /* CoreData.framework in Frameworks */,
				5E2161F11DA94AC6921AED04 /* AdSupport.framework in Frameworks */,
				E5EE16BC24284A42B175EE6F /* libz.dylib in Frameworks */,
				E9093F9759264501AE992CDE /* libsqlite3.dylib in Frameworks */,
				36924A780AAB48CFB0924D3B /* CoreTelephony.framework in Frameworks */,
				F49590268B0442038CBA4818 /* Security.framework in Frameworks */,
				FFA4E8C8002146CBA84C77C3 /* Social.framework in Frameworks */,
			);
			runOnlyForDeploymentPostprocessing = 0;
		};
/* End PBXFrameworksBuildPhase section */

/* Begin PBXGroup section */
		080E96DDFE201D6D7F000001 /* Classes */ = {
			isa = PBXGroup;
			children = (
				302D95EE14D2391D003F00A1 /* MainViewController.h */,
				302D95EF14D2391D003F00A1 /* MainViewController.m */,
				302D95F014D2391D003F00A1 /* MainViewController.xib */,
				1D3623240D0F684500981E51 /* AppDelegate.h */,
				1D3623250D0F684500981E51 /* AppDelegate.m */,
			);
			name = Classes;
			path = Ushahidi/Classes;
			sourceTree = SOURCE_ROOT;
		};
		19C28FACFE9D520D11CA2CBB /* Products */ = {
			isa = PBXGroup;
			children = (
				1D6058910D05DD3D006BFB54 /* Ushahidi.app */,
			);
			name = Products;
			sourceTree = "<group>";
		};
		29B97314FDCFA39411CA2CEA /* CustomTemplate */ = {
			isa = PBXGroup;
			children = (
				EB87FDF41871DAF40020F90C /* config.xml */,
				EB87FDF31871DA8E0020F90C /* www */,
				EB87FDF11871DA420020F90C /* Staging */,
				301BF52D109A57CC0062928A /* CordovaLib.xcodeproj */,
				080E96DDFE201D6D7F000001 /* Classes */,
				307C750510C5A3420062BCA9 /* Plugins */,
				29B97315FDCFA39411CA2CEA /* Other Sources */,
				29B97317FDCFA39411CA2CEA /* Resources */,
				29B97323FDCFA39411CA2CEA /* Frameworks */,
				19C28FACFE9D520D11CA2CBB /* Products */,
			);
			name = CustomTemplate;
			sourceTree = "<group>";
		};
		29B97315FDCFA39411CA2CEA /* Other Sources */ = {
			isa = PBXGroup;
			children = (
				32CA4F630368D1EE00C91783 /* Ushahidi-Prefix.pch */,
				29B97316FDCFA39411CA2CEA /* main.m */,
				ED33DF2A687741AEAF9F8254 /* Bridging-Header.h */,
			);
			name = "Other Sources";
			path = Ushahidi;
			sourceTree = "<group>";
		};
		29B97317FDCFA39411CA2CEA /* Resources */ = {
			isa = PBXGroup;
			children = (
				0207DA571B56EA530066E2B4 /* Images.xcassets */,
				3047A50E1AB8057F00498E2A /* config */,
				8D1107310486CEB800E47090 /* Ushahidi-Info.plist */,
				6AFF5BF81D6E424B00AB3073 /* CDVLaunchScreen.storyboard */,
				530DE5BF0DD64C3DB95A8ABE /* CDVCapture.bundle */,
				F721FFA600054BF5B9B719A4 /* SAMKeychain.bundle */,
				272D8C7C9D704094A804CF32 /* Ushahidi.entitlements */,
			);
			name = Resources;
			path = Ushahidi/Resources;
			sourceTree = "<group>";
		};
		29B97323FDCFA39411CA2CEA /* Frameworks */ = {
			isa = PBXGroup;
			children = (
				9403B74CC5854ED1B2544246 /* ImageIO.framework */,
				58A4AD8F1FAB4AD69B78B8AD /* CoreLocation.framework */,
				2C33C904F9CA4D63AC430A47 /* AVFoundation.framework */,
				6FCFF54B4CE64F7E97E6D90E /* libz.tbd */,
				EC912C3ABFE042FC8DF65500 /* MessageUI.framework */,
				B8E258A576784261BFDC7667 /* libGoogleAnalyticsServices.a */,
				E8B67DC748894494BC620785 /* libAdIdAccess.a */,
				6F8FEA8DE5F442DF91865A00 /* SystemConfiguration.framework */,
				02975589AC824E6E9DB1110E /* CoreData.framework */,
				EFD988445F8146CCAF12C04B /* AdSupport.framework */,
				86FB35D84BDA4753840F7A38 /* libz.dylib */,
				C4CB5F4F1579400CACE7C25F /* libsqlite3.dylib */,
				674C965559EA41D2AC06519C /* CoreTelephony.framework */,
				EC011300C8E04DECADDFE701 /* Security.framework */,
				8383185ABD87448EAA2B7A90 /* Social.framework */,
			);
			name = Frameworks;
			sourceTree = "<group>";
		};
		301BF52E109A57CC0062928A /* Products */ = {
			isa = PBXGroup;
			children = (
				301BF535109A57CC0062928A /* libCordova.a */,
			);
			name = Products;
			sourceTree = "<group>";
		};
		3047A50E1AB8057F00498E2A /* config */ = {
			isa = PBXGroup;
			children = (
				3047A50F1AB8059700498E2A /* build-debug.xcconfig */,
				3047A5101AB8059700498E2A /* build-release.xcconfig */,
				3047A5111AB8059700498E2A /* build.xcconfig */,
			);
			name = config;
			sourceTree = "<group>";
		};
		307C750510C5A3420062BCA9 /* Plugins */ = {
			isa = PBXGroup;
			children = (
				CA852CAB8F4B43FA911E96EA /* AppVersion.m */,
				FB3A2EF3FDFE4D739193394C /* AppVersion.h */,
				BE80DEDFDF534CEB80E5B433 /* UIImage+CropScaleOrientation.m */,
				0837B0B03A3246B4A5471846 /* CDVCamera.m */,
				CAF14A29A3E0477B855B5FDA /* CDVJpegHeaderWriter.m */,
				778D57C34B3D434883492AD8 /* UIImage+CropScaleOrientation.h */,
				34001CE175E14C889E3C1C5C /* CDVCamera.h */,
				344005F3DFA64A1D87755420 /* CDVJpegHeaderWriter.h */,
				CBBA30D3FABC47CFAD186F64 /* CDVExif.h */,
				C17077E78540478988FD994A /* CDVLogger.m */,
				6556C12585854AC891B5EACB /* CDVLogger.h */,
				EAD38EDB33484A859990B266 /* CDVDevice.m */,
				FC165F28678A462C8CB1B8FB /* CDVDevice.h */,
				A0094A2EA2064D38B492ADAE /* APPEmailComposer.m */,
				7A17F3B1788D4365A6CB9B57 /* APPEmailComposerImpl.m */,
				8102C634D3F04019B258528C /* APPEmailComposer.h */,
				7B28C197D57A494D8FFCD588 /* APPEmailComposerImpl.h */,
				6C2AE98596B446258DFFC033 /* CDVFile.m */,
				7619E24793404F0F87DB5317 /* CDVLocalFilesystem.m */,
				ABE8387680C643CAA64C256A /* CDVAssetLibraryFilesystem.m */,
				4846C8EBB719427FB0B5CC2D /* CDVFile.h */,
				1806F3A3F0E74DA48E580772 /* CDVLocalFilesystem.h */,
				5972F89FCC2A48D6AE1E06A0 /* CDVAssetLibraryFilesystem.h */,
				C852A0ADA5EE462EB9206768 /* CDVFileTransfer.m */,
				AAA1BAF68341414D986018C6 /* CDVFileTransfer.h */,
				878D7FC9B7E74BE5B06D5C3F /* CDVLocation.m */,
				1CD12838A81C418884D70BBF /* CDVLocation.h */,
				2D706DE8F659499AAFB86DFA /* UniversalAnalyticsPlugin.m */,
				CF741CCFF2A949B6AD87E33C /* UniversalAnalyticsPlugin.h */,
				BB5C52320C634434AEBE237A /* GAIDictionaryBuilder.h */,
				6FE850FC36FD4CF982A9C4C1 /* GAIFields.h */,
				BFBDA7597C7F4077AA62559F /* GAILogger.h */,
				CFBB735D38DB4CD288986402 /* GAITrackedViewController.h */,
				BB23E4C58C9C4179A13B43C8 /* GAI.h */,
				72A6C140479743D3913E1895 /* GAITracker.h */,
				6A4C331FE6314D1091C21C72 /* GAIEcommerceFields.h */,
				48F04BD13B524242B09DE7E3 /* GAIEcommerceProduct.h */,
				43AA819D19AE41A9966C0780 /* GAIEcommerceProductAction.h */,
				123BE0F893454458983FCEC0 /* GAIEcommercePromotion.h */,
				C5016E0C52C24CBF9254BCD4 /* CDVInAppBrowser.m */,
				A003106C38D149DC961DD812 /* CDVInAppBrowser.h */,
				6B5E5475A81F44C092D16671 /* LongPressFix.m */,
				957835402954475BAE7570FF /* LongPressFix.h */,
				3A605CAF032E4530AAD0A669 /* IsDebug.h */,
				810FA81E760E49F39F1079BD /* IsDebug.m */,
				3A26DB43A2A84DFA876073BA /* CDVCapture.m */,
				3590DD3763B4413083097609 /* CDVCapture.h */,
				F973594E2F584BECB9968E41 /* NetworkActivityIndicator.m */,
				AD9D3EE5FE3E423FAE542606 /* NetworkActivityIndicator.h */,
				4AA4C215C9A449A5AF018005 /* CDVConnection.m */,
				F2D79F1198604FBA99DBA85B /* CDVReachability.m */,
				43ADB6E81CA54316B00CBA09 /* CDVConnection.h */,
				A447FACD08214151B3AD5BD5 /* CDVReachability.h */,
				F3C3C7B9A3534989A990EC82 /* SecureStorage.m */,
				9BBD6BE39E5548FB8975364D /* SAMKeychain.m */,
				8A405A5EECBA479CB52169E8 /* SAMKeychainQuery.m */,
				FC8BE1D9870C4A18BA0ABD1D /* SecureStorage.h */,
				B57DA0949C4642E38F4A0438 /* SAMKeychain.h */,
				720D09944E8C4426BCC6C69B /* SAMKeychainQuery.h */,
				3985D07FF0114EA59EE13563 /* CDVSpinnerDialog.m */,
				1FB4334E5F4E4428B4A8E9BE /* CDVSpinnerDialog.h */,
				821586D7D8C64063A2AA6666 /* CDVSplashScreen.m */,
				0CF17BB134CD471E87163617 /* CDVViewController+SplashScreen.m */,
				2E5117A16BB648ACB6AC92C1 /* CDVSplashScreen.h */,
				DB3F0F6AA2A349B1AF204D58 /* CDVViewController+SplashScreen.h */,
				41B1939E62454C169042AB3D /* CDVStatusBar.m */,
				4D5E4843C7024920AE609651 /* CDVStatusBar.h */,
				95D89FEC47C5447AA4C6A8B9 /* NSString+SSURLEncoding.m */,
				C90B6C3C238349839E6923A8 /* SocialSharing.m */,
				6D1D1C25FC8C45758295B5FF /* NSString+SSURLEncoding.h */,
				0AC73E0CD7DA435B98FDBF8F /* SocialSharing.h */,
				C3645CAE8DC448A1AB4B2014 /* SQLitePlugin.m */,
				B7DE3E18EAE44FC98BE000BC /* sqlite3.c */,
				F6BFFD15323A42DE8FC7312E /* SQLitePlugin.h */,
				27055B20BACC4C94B215FEE5 /* sqlite3.h */,
				062B3ECDBE0E4C20921382D6 /* AppDelegate+IonicDeeplink.m */,
				60390B4BA77C4586AF4E9238 /* IonicDeeplinkPlugin.m */,
				1934BEE5ABDF4F20BD080BA3 /* IonicDeeplinkPlugin.h */,
				84C2CDD46BB24BF3887FF5D9 /* IonicKeyboard.m */,
				A3B0A9CD240B40D885B720A3 /* IonicKeyboard.h */,
			);
			name = Plugins;
			path = Ushahidi/Plugins;
			sourceTree = SOURCE_ROOT;
		};
		EB87FDF11871DA420020F90C /* Staging */ = {
			isa = PBXGroup;
			children = (
				F840E1F0165FE0F500CFE078 /* config.xml */,
				301BF56E109A69640062928A /* www */,
			);
			name = Staging;
			sourceTree = "<group>";
		};
/* End PBXGroup section */

/* Begin PBXNativeTarget section */
		1D6058900D05DD3D006BFB54 /* Ushahidi */ = {
			isa = PBXNativeTarget;
			buildConfigurationList = 1D6058960D05DD3E006BFB54 /* Build configuration list for PBXNativeTarget "Ushahidi" */;
			buildPhases = (
				304B58A110DAC018002A0835 /* Copy www directory */,
				1D60588D0D05DD3D006BFB54 /* Resources */,
				1D60588E0D05DD3D006BFB54 /* Sources */,
				1D60588F0D05DD3D006BFB54 /* Frameworks */,
			);
			buildRules = (
			);
			dependencies = (
				301BF551109A68C00062928A /* PBXTargetDependency */,
			);
			name = Ushahidi;
			productName = Ushahidi;
			productReference = 1D6058910D05DD3D006BFB54 /* Ushahidi.app */;
			productType = "com.apple.product-type.application";
		};
/* End PBXNativeTarget section */

/* Begin PBXProject section */
		29B97313FDCFA39411CA2CEA /* Project object */ = {
			isa = PBXProject;
			attributes = {
				LastUpgradeCheck = 830;
				TargetAttributes = {
					1D6058900D05DD3D006BFB54 = {
						DevelopmentTeam = K4L62494Y2;
						ProvisioningStyle = Manual;
					};
				};
			};
			buildConfigurationList = C01FCF4E08A954540054247B /* Build configuration list for PBXProject "Ushahidi" */;
			compatibilityVersion = "Xcode 3.2";
			developmentRegion = English;
			hasScannedForEncodings = 1;
			knownRegions = (
				en,
			);
			mainGroup = 29B97314FDCFA39411CA2CEA /* CustomTemplate */;
			projectDirPath = "";
			projectReferences = (
				{
					ProductGroup = 301BF52E109A57CC0062928A /* Products */;
					ProjectRef = 301BF52D109A57CC0062928A /* CordovaLib.xcodeproj */;
				},
			);
			projectRoot = "";
			targets = (
				1D6058900D05DD3D006BFB54 /* Ushahidi */,
			);
		};
/* End PBXProject section */

/* Begin PBXReferenceProxy section */
		301BF535109A57CC0062928A /* libCordova.a */ = {
			isa = PBXReferenceProxy;
			fileType = archive.ar;
			path = libCordova.a;
			remoteRef = 301BF534109A57CC0062928A /* PBXContainerItemProxy */;
			sourceTree = BUILT_PRODUCTS_DIR;
		};
/* End PBXReferenceProxy section */

/* Begin PBXResourcesBuildPhase section */
		1D60588D0D05DD3D006BFB54 /* Resources */ = {
			isa = PBXResourcesBuildPhase;
			buildActionMask = 2147483647;
			files = (
				302D95F214D2391D003F00A1 /* MainViewController.xib in Resources */,
				0207DA581B56EA530066E2B4 /* Images.xcassets in Resources */,
				6AFF5BF91D6E424B00AB3073 /* CDVLaunchScreen.storyboard in Resources */,
				B3BDE29192D44231B58F40B8 /* CDVCapture.bundle in Resources */,
				CE87F6B9766341F5B617B058 /* SAMKeychain.bundle in Resources */,
				5605339829DE466F979F88A5 /* Ushahidi.entitlements in Resources */,
			);
			runOnlyForDeploymentPostprocessing = 0;
		};
/* End PBXResourcesBuildPhase section */

/* Begin PBXShellScriptBuildPhase section */
		304B58A110DAC018002A0835 /* Copy www directory */ = {
			isa = PBXShellScriptBuildPhase;
			buildActionMask = 2147483647;
			files = (
			);
			inputPaths = (
			);
			name = "Copy www directory";
			outputPaths = (
			);
			runOnlyForDeploymentPostprocessing = 0;
			shellPath = /bin/sh;
			shellScript = "NODEJS_PATH=/usr/local/bin; NVM_NODE_PATH=~/.nvm/versions/node/`nvm version 2>/dev/null`/bin; N_NODE_PATH=`find /usr/local/n/versions/node/* -maxdepth 0 -type d 2>/dev/null | tail -1`/bin; XCODE_NODE_PATH=`xcode-select --print-path`/usr/share/xcs/Node/bin; PATH=$NODEJS_PATH:$NVM_NODE_PATH:$N_NODE_PATH:$XCODE_NODE_PATH:$PATH && node cordova/lib/copy-www-build-step.js";
			showEnvVarsInLog = 0;
		};
/* End PBXShellScriptBuildPhase section */

/* Begin PBXSourcesBuildPhase section */
		1D60588E0D05DD3D006BFB54 /* Sources */ = {
			isa = PBXSourcesBuildPhase;
			buildActionMask = 2147483647;
			files = (
				1D60589B0D05DD56006BFB54 /* main.m in Sources */,
				1D3623260D0F684500981E51 /* AppDelegate.m in Sources */,
				302D95F114D2391D003F00A1 /* MainViewController.m in Sources */,
				5097F6FEA7C34E54AD40F26A /* AppVersion.m in Sources */,
				1EB2069CB35447EA9CC5238F /* UIImage+CropScaleOrientation.m in Sources */,
				8D76BFD731D74DA79E2FC732 /* CDVCamera.m in Sources */,
				5E561B52864D4DAE9281A49F /* CDVJpegHeaderWriter.m in Sources */,
				A7021E34B0A54A99A09EBD67 /* CDVLogger.m in Sources */,
				90AAE5EA031D4219B81A39A1 /* CDVDevice.m in Sources */,
				731DBEB639E14AFB8C1DA461 /* APPEmailComposer.m in Sources */,
				29F6E80B7C964A3C9E415F81 /* APPEmailComposerImpl.m in Sources */,
				8D17B8B7B57D4A6F94316721 /* CDVFile.m in Sources */,
				0820AF0361AC468C9387C771 /* CDVLocalFilesystem.m in Sources */,
				8E9B5F12AA8447E4BA3D9101 /* CDVAssetLibraryFilesystem.m in Sources */,
				054FFFEC62554A31850DD273 /* CDVFileTransfer.m in Sources */,
				2FB561E75D544BF6A9450595 /* CDVLocation.m in Sources */,
				BFE8E1577EFD467FA560D096 /* UniversalAnalyticsPlugin.m in Sources */,
				00A341DBE6BC4CBFAFC34161 /* CDVInAppBrowser.m in Sources */,
				38E697D8CDB744ABA4F2D7C9 /* LongPressFix.m in Sources */,
				83A46EC277034D8EA32E86DE /* IsDebug.h in Sources */,
				C99CFBEE173644B19FDA5CBF /* IsDebug.m in Sources */,
				A5C0E3FE202B4B1F98828602 /* CDVCapture.m in Sources */,
				C772362689104BCE8BCAD14D /* NetworkActivityIndicator.m in Sources */,
				31E71F3679C64D2AB7512615 /* CDVConnection.m in Sources */,
				C4E7C43DC0F94B70B4EFA606 /* CDVReachability.m in Sources */,
				B104D484719E49AFB315D8B0 /* SecureStorage.m in Sources */,
				B6E09DC0793F42C7BA9E8BA2 /* SAMKeychain.m in Sources */,
				3635F91AF2104AF28F4F9A46 /* SAMKeychainQuery.m in Sources */,
				A7E6A623135F4CBFA765F0BC /* CDVSpinnerDialog.m in Sources */,
				FD993DA143DE4BF18AB14070 /* CDVSplashScreen.m in Sources */,
				ABBE5D2B30864F8F979B2C48 /* CDVViewController+SplashScreen.m in Sources */,
				F0C0D7AA86534610B9601886 /* CDVStatusBar.m in Sources */,
				D9EE798DD1EB445A8DDDD948 /* NSString+SSURLEncoding.m in Sources */,
				1CD650E5E2B84CB188D3AF8D /* SocialSharing.m in Sources */,
				622B8CD536344E5DB88ACE88 /* SQLitePlugin.m in Sources */,
				EA6309F9F8C2418FAB8A595E /* sqlite3.c in Sources */,
				F0ED398D8C2F4A198E197F50 /* AppDelegate+IonicDeeplink.m in Sources */,
				A823F0D2D9BF4D06A090AF03 /* IonicDeeplinkPlugin.m in Sources */,
				99AB37012047483BA50B029A /* IonicKeyboard.m in Sources */,
			);
			runOnlyForDeploymentPostprocessing = 0;
		};
/* End PBXSourcesBuildPhase section */

/* Begin PBXTargetDependency section */
		301BF551109A68C00062928A /* PBXTargetDependency */ = {
			isa = PBXTargetDependency;
			name = CordovaLib;
			targetProxy = 301BF550109A68C00062928A /* PBXContainerItemProxy */;
		};
/* End PBXTargetDependency section */

/* Begin XCBuildConfiguration section */
		1D6058940D05DD3E006BFB54 /* Debug */ = {
			isa = XCBuildConfiguration;
			baseConfigurationReference = 3047A50F1AB8059700498E2A /* build-debug.xcconfig */;
			buildSettings = {
				ALWAYS_SEARCH_USER_PATHS = NO;
				ASSETCATALOG_COMPILER_APPICON_NAME = AppIcon;
				ASSETCATALOG_COMPILER_LAUNCHIMAGE_NAME = LaunchImage;
				CLANG_ENABLE_MODULES = YES;
				CLANG_ENABLE_OBJC_ARC = YES;
				CODE_SIGN_ENTITLEMENTS = "Ushahidi/Resources/Ushahidi.entitlements";
				COPY_PHASE_STRIP = NO;
				DEVELOPMENT_TEAM = K4L62494Y2;
				GCC_DYNAMIC_NO_PIC = NO;
				GCC_OPTIMIZATION_LEVEL = 0;
				GCC_PRECOMPILE_PREFIX_HEADER = YES;
				GCC_PREFIX_HEADER = "Ushahidi/Ushahidi-Prefix.pch";
				GCC_THUMB_SUPPORT = NO;
				GCC_VERSION = "";
				INFOPLIST_FILE = "Ushahidi/Ushahidi-Info.plist";
				IPHONEOS_DEPLOYMENT_TARGET = 8.0;
				LD_RUNPATH_SEARCH_PATHS = "@executable_path/Frameworks";
				LIBRARY_SEARCH_PATHS = (
					"$(inherited)",
					"\"$(SRCROOT)/Ushahidi/Plugins/cordova-plugin-google-analytics\"",
					"\"$(SRCROOT)/Ushahidi/Plugins/cordova-plugin-google-analytics\"",
				);
				PRODUCT_BUNDLE_IDENTIFIER = com.ushahidi.mobile;
				PRODUCT_NAME = Ushahidi;
				PROVISIONING_PROFILE = "f446358a-cfb4-4608-9ca8-5cc70fb91410";
				PROVISIONING_PROFILE_SPECIFIER = "Ushahidi Mobile Development";
				TARGETED_DEVICE_FAMILY = "1,2";
			};
			name = Debug;
		};
		1D6058950D05DD3E006BFB54 /* Release */ = {
			isa = XCBuildConfiguration;
			baseConfigurationReference = 3047A5101AB8059700498E2A /* build-release.xcconfig */;
			buildSettings = {
				ALWAYS_SEARCH_USER_PATHS = NO;
				ASSETCATALOG_COMPILER_APPICON_NAME = AppIcon;
				ASSETCATALOG_COMPILER_LAUNCHIMAGE_NAME = LaunchImage;
				CLANG_ENABLE_MODULES = YES;
				CLANG_ENABLE_OBJC_ARC = YES;
				CODE_SIGN_ENTITLEMENTS = "Ushahidi/Resources/Ushahidi.entitlements";
				COPY_PHASE_STRIP = YES;
				DEVELOPMENT_TEAM = K4L62494Y2;
				GCC_PRECOMPILE_PREFIX_HEADER = YES;
				GCC_PREFIX_HEADER = "Ushahidi/Ushahidi-Prefix.pch";
				GCC_THUMB_SUPPORT = NO;
				GCC_VERSION = "";
				INFOPLIST_FILE = "Ushahidi/Ushahidi-Info.plist";
				IPHONEOS_DEPLOYMENT_TARGET = 8.0;
				LD_RUNPATH_SEARCH_PATHS = "@executable_path/Frameworks";
				LIBRARY_SEARCH_PATHS = (
					"$(inherited)",
					"\"$(SRCROOT)/Ushahidi/Plugins/cordova-plugin-google-analytics\"",
					"\"$(SRCROOT)/Ushahidi/Plugins/cordova-plugin-google-analytics\"",
				);
				PRODUCT_BUNDLE_IDENTIFIER = com.ushahidi.mobile;
				PRODUCT_NAME = Ushahidi;
				PROVISIONING_PROFILE = "5af2ac50-6d87-487b-8858-0ccacc60c9e0";
				PROVISIONING_PROFILE_SPECIFIER = "Ushahidi Mobile App Store";
				TARGETED_DEVICE_FAMILY = "1,2";
			};
			name = Release;
		};
		C01FCF4F08A954540054247B /* Debug */ = {
			isa = XCBuildConfiguration;
			baseConfigurationReference = 3047A5111AB8059700498E2A /* build.xcconfig */;
			buildSettings = {
				ASSETCATALOG_COMPILER_LAUNCHIMAGE_NAME = LaunchImage;
				CLANG_ENABLE_MODULES = YES;
				CLANG_ENABLE_OBJC_ARC = YES;
				CLANG_WARN_BOOL_CONVERSION = YES;
				CLANG_WARN_CONSTANT_CONVERSION = YES;
				CLANG_WARN_EMPTY_BODY = YES;
				CLANG_WARN_ENUM_CONVERSION = YES;
				CLANG_WARN_INFINITE_RECURSION = YES;
				CLANG_WARN_INT_CONVERSION = YES;
				CLANG_WARN_SUSPICIOUS_MOVE = YES;
				CLANG_WARN_UNREACHABLE_CODE = YES;
				CLANG_WARN__DUPLICATE_METHOD_MATCH = YES;
				CODE_SIGN_ENTITLEMENTS = "Ushahidi/Resources/Ushahidi.entitlements";
				ENABLE_STRICT_OBJC_MSGSEND = YES;
				ENABLE_TESTABILITY = YES;
				GCC_C_LANGUAGE_STANDARD = c99;
				GCC_NO_COMMON_BLOCKS = YES;
				GCC_THUMB_SUPPORT = NO;
				GCC_VERSION = "";
				GCC_WARN_64_TO_32_BIT_CONVERSION = YES;
				GCC_WARN_ABOUT_RETURN_TYPE = YES;
				GCC_WARN_UNDECLARED_SELECTOR = YES;
				GCC_WARN_UNINITIALIZED_AUTOS = YES;
				GCC_WARN_UNUSED_FUNCTION = YES;
				GCC_WARN_UNUSED_VARIABLE = YES;
				IPHONEOS_DEPLOYMENT_TARGET = 8.0;
				ONLY_ACTIVE_ARCH = YES;
				SDKROOT = iphoneos;
				SKIP_INSTALL = NO;
			};
			name = Debug;
		};
		C01FCF5008A954540054247B /* Release */ = {
			isa = XCBuildConfiguration;
			baseConfigurationReference = 3047A5111AB8059700498E2A /* build.xcconfig */;
			buildSettings = {
				ASSETCATALOG_COMPILER_LAUNCHIMAGE_NAME = LaunchImage;
				CLANG_ENABLE_MODULES = YES;
				CLANG_ENABLE_OBJC_ARC = YES;
				CLANG_WARN_BOOL_CONVERSION = YES;
				CLANG_WARN_CONSTANT_CONVERSION = YES;
				CLANG_WARN_EMPTY_BODY = YES;
				CLANG_WARN_ENUM_CONVERSION = YES;
				CLANG_WARN_INFINITE_RECURSION = YES;
				CLANG_WARN_INT_CONVERSION = YES;
				CLANG_WARN_SUSPICIOUS_MOVE = YES;
				CLANG_WARN_UNREACHABLE_CODE = YES;
				CLANG_WARN__DUPLICATE_METHOD_MATCH = YES;
				CODE_SIGN_ENTITLEMENTS = "Ushahidi/Resources/Ushahidi.entitlements";
				ENABLE_STRICT_OBJC_MSGSEND = YES;
				GCC_C_LANGUAGE_STANDARD = c99;
				GCC_NO_COMMON_BLOCKS = YES;
				GCC_THUMB_SUPPORT = NO;
				GCC_VERSION = "";
				GCC_WARN_64_TO_32_BIT_CONVERSION = YES;
				GCC_WARN_ABOUT_RETURN_TYPE = YES;
				GCC_WARN_UNDECLARED_SELECTOR = YES;
				GCC_WARN_UNINITIALIZED_AUTOS = YES;
				GCC_WARN_UNUSED_FUNCTION = YES;
				GCC_WARN_UNUSED_VARIABLE = YES;
				IPHONEOS_DEPLOYMENT_TARGET = 8.0;
				SDKROOT = iphoneos;
				SKIP_INSTALL = NO;
			};
			name = Release;
		};
/* End XCBuildConfiguration section */

/* Begin XCConfigurationList section */
		1D6058960D05DD3E006BFB54 /* Build configuration list for PBXNativeTarget "Ushahidi" */ = {
			isa = XCConfigurationList;
			buildConfigurations = (
				1D6058940D05DD3E006BFB54 /* Debug */,
				1D6058950D05DD3E006BFB54 /* Release */,
			);
			defaultConfigurationIsVisible = 0;
			defaultConfigurationName = Release;
		};
		C01FCF4E08A954540054247B /* Build configuration list for PBXProject "Ushahidi" */ = {
			isa = XCConfigurationList;
			buildConfigurations = (
				C01FCF4F08A954540054247B /* Debug */,
				C01FCF5008A954540054247B /* Release */,
			);
			defaultConfigurationIsVisible = 0;
			defaultConfigurationName = Release;
		};
/* End XCConfigurationList section */
	};
	rootObject = 29B97313FDCFA39411CA2CEA /* Project object */;
}
